// !$*UTF8*$!
{
	archiveVersion = 1;
	classes = {
	};
	objectVersion = 56;
	objects = {

/* Begin PBXBuildFile section */
		BBBE4541290D756500E2694A /* AppDelegate.swift in Sources */ = {isa = PBXBuildFile; fileRef = BBBE4540290D756500E2694A /* AppDelegate.swift */; };
		BBBE4543290D756500E2694A /* SceneDelegate.swift in Sources */ = {isa = PBXBuildFile; fileRef = BBBE4542290D756500E2694A /* SceneDelegate.swift */; };
		BBBE4545290D756500E2694A /* ConversationsViewController.swift in Sources */ = {isa = PBXBuildFile; fileRef = BBBE4544290D756500E2694A /* ConversationsViewController.swift */; };
		BBBE4548290D756500E2694A /* Main.storyboard in Resources */ = {isa = PBXBuildFile; fileRef = BBBE4546290D756500E2694A /* Main.storyboard */; };
		BBBE454A290D756700E2694A /* Assets.xcassets in Resources */ = {isa = PBXBuildFile; fileRef = BBBE4549290D756700E2694A /* Assets.xcassets */; };
		BBBE454D290D756700E2694A /* LaunchScreen.storyboard in Resources */ = {isa = PBXBuildFile; fileRef = BBBE454B290D756700E2694A /* LaunchScreen.storyboard */; };
		BBBE455D290D7A7F00E2694A /* LoginViewController.swift in Sources */ = {isa = PBXBuildFile; fileRef = BBBE455C290D7A7F00E2694A /* LoginViewController.swift */; };
		BBBE455F290D7A8F00E2694A /* RegisterViewController.swift in Sources */ = {isa = PBXBuildFile; fileRef = BBBE455E290D7A8F00E2694A /* RegisterViewController.swift */; };
		BBBE4561290D7AAA00E2694A /* PhotoViewerViewController.swift in Sources */ = {isa = PBXBuildFile; fileRef = BBBE4560290D7AAA00E2694A /* PhotoViewerViewController.swift */; };
		BBBE4563290D7AB600E2694A /* VideoPlayerViewController.swift in Sources */ = {isa = PBXBuildFile; fileRef = BBBE4562290D7AB600E2694A /* VideoPlayerViewController.swift */; };
		BBBE4565290D7AD500E2694A /* NewConversationViewController.swift in Sources */ = {isa = PBXBuildFile; fileRef = BBBE4564290D7AD500E2694A /* NewConversationViewController.swift */; };
		BBBE4567290D7AE800E2694A /* ProfileViewController.swift in Sources */ = {isa = PBXBuildFile; fileRef = BBBE4566290D7AE800E2694A /* ProfileViewController.swift */; };
		F45C3A8ED57B816713A44511 /* Pods_Messenger.framework in Frameworks */ = {isa = PBXBuildFile; fileRef = E1021D0CA5031264411626D2 /* Pods_Messenger.framework */; };
/* End PBXBuildFile section */

/* Begin PBXFileReference section */
		1FAF2AE6BF4279F54007C260 /* Pods-Messenger.release.xcconfig */ = {isa = PBXFileReference; includeInIndex = 1; lastKnownFileType = text.xcconfig; name = "Pods-Messenger.release.xcconfig"; path = "Target Support Files/Pods-Messenger/Pods-Messenger.release.xcconfig"; sourceTree = "<group>"; };
		B45A0CEE7535CB87F3063B68 /* Pods-Messenger.debug.xcconfig */ = {isa = PBXFileReference; includeInIndex = 1; lastKnownFileType = text.xcconfig; name = "Pods-Messenger.debug.xcconfig"; path = "Target Support Files/Pods-Messenger/Pods-Messenger.debug.xcconfig"; sourceTree = "<group>"; };
		BBBE453D290D756500E2694A /* Messenger.app */ = {isa = PBXFileReference; explicitFileType = wrapper.application; includeInIndex = 0; path = Messenger.app; sourceTree = BUILT_PRODUCTS_DIR; };
		BBBE4540290D756500E2694A /* AppDelegate.swift */ = {isa = PBXFileReference; lastKnownFileType = sourcecode.swift; path = AppDelegate.swift; sourceTree = "<group>"; };
		BBBE4542290D756500E2694A /* SceneDelegate.swift */ = {isa = PBXFileReference; lastKnownFileType = sourcecode.swift; path = SceneDelegate.swift; sourceTree = "<group>"; };
		BBBE4544290D756500E2694A /* ConversationsViewController.swift */ = {isa = PBXFileReference; lastKnownFileType = sourcecode.swift; path = ConversationsViewController.swift; sourceTree = "<group>"; };
		BBBE4547290D756500E2694A /* Base */ = {isa = PBXFileReference; lastKnownFileType = file.storyboard; name = Base; path = Base.lproj/Main.storyboard; sourceTree = "<group>"; };
		BBBE4549290D756700E2694A /* Assets.xcassets */ = {isa = PBXFileReference; lastKnownFileType = folder.assetcatalog; path = Assets.xcassets; sourceTree = "<group>"; };
		BBBE454C290D756700E2694A /* Base */ = {isa = PBXFileReference; lastKnownFileType = file.storyboard; name = Base; path = Base.lproj/LaunchScreen.storyboard; sourceTree = "<group>"; };
		BBBE454E290D756700E2694A /* Info.plist */ = {isa = PBXFileReference; lastKnownFileType = text.plist.xml; path = Info.plist; sourceTree = "<group>"; };
		BBBE455C290D7A7F00E2694A /* LoginViewController.swift */ = {isa = PBXFileReference; lastKnownFileType = sourcecode.swift; path = LoginViewController.swift; sourceTree = "<group>"; };
		BBBE455E290D7A8F00E2694A /* RegisterViewController.swift */ = {isa = PBXFileReference; lastKnownFileType = sourcecode.swift; path = RegisterViewController.swift; sourceTree = "<group>"; };
		BBBE4560290D7AAA00E2694A /* PhotoViewerViewController.swift */ = {isa = PBXFileReference; lastKnownFileType = sourcecode.swift; path = PhotoViewerViewController.swift; sourceTree = "<group>"; };
		BBBE4562290D7AB600E2694A /* VideoPlayerViewController.swift */ = {isa = PBXFileReference; lastKnownFileType = sourcecode.swift; path = VideoPlayerViewController.swift; sourceTree = "<group>"; };
		BBBE4564290D7AD500E2694A /* NewConversationViewController.swift */ = {isa = PBXFileReference; lastKnownFileType = sourcecode.swift; path = NewConversationViewController.swift; sourceTree = "<group>"; };
		BBBE4566290D7AE800E2694A /* ProfileViewController.swift */ = {isa = PBXFileReference; lastKnownFileType = sourcecode.swift; path = ProfileViewController.swift; sourceTree = "<group>"; };
		E1021D0CA5031264411626D2 /* Pods_Messenger.framework */ = {isa = PBXFileReference; explicitFileType = wrapper.framework; includeInIndex = 0; path = Pods_Messenger.framework; sourceTree = BUILT_PRODUCTS_DIR; };
/* End PBXFileReference section */

/* Begin PBXFrameworksBuildPhase section */
		BBBE453A290D756500E2694A /* Frameworks */ = {
			isa = PBXFrameworksBuildPhase;
			buildActionMask = 2147483647;
			files = (
				F45C3A8ED57B816713A44511 /* Pods_Messenger.framework in Frameworks */,
			);
			runOnlyForDeploymentPostprocessing = 0;
		};
/* End PBXFrameworksBuildPhase section */

/* Begin PBXGroup section */
		5FA477B8A91A509D10A7B6FF /* Frameworks */ = {
			isa = PBXGroup;
			children = (
				E1021D0CA5031264411626D2 /* Pods_Messenger.framework */,
			);
			name = Frameworks;
			sourceTree = "<group>";
		};
		7F6DC9A5312B1C5DC176E0E2 /* Pods */ = {
			isa = PBXGroup;
			children = (
				B45A0CEE7535CB87F3063B68 /* Pods-Messenger.debug.xcconfig */,
				1FAF2AE6BF4279F54007C260 /* Pods-Messenger.release.xcconfig */,
			);
			name = Pods;
			path = Pods;
			sourceTree = "<group>";
		};
		BBBE4534290D756500E2694A = {
			isa = PBXGroup;
			children = (
				BBBE453F290D756500E2694A /* Messenger */,
				BBBE453E290D756500E2694A /* Products */,
				7F6DC9A5312B1C5DC176E0E2 /* Pods */,
				5FA477B8A91A509D10A7B6FF /* Frameworks */,
			);
			sourceTree = "<group>";
		};
		BBBE453E290D756500E2694A /* Products */ = {
			isa = PBXGroup;
			children = (
				BBBE453D290D756500E2694A /* Messenger.app */,
			);
			name = Products;
			sourceTree = "<group>";
		};
		BBBE453F290D756500E2694A /* Messenger */ = {
			isa = PBXGroup;
			children = (
				BBBE4558290D790800E2694A /* Resources */,
				BBBE4557290D78F800E2694A /* ViewModels */,
				BBBE4556290D78F100E2694A /* Models */,
				BBBE4555290D78E900E2694A /* Views */,
				BBBE4554290D78D500E2694A /* Controllers */,
				BBBE454E290D756700E2694A /* Info.plist */,
			);
			path = Messenger;
			sourceTree = "<group>";
		};
		BBBE4554290D78D500E2694A /* Controllers */ = {
			isa = PBXGroup;
			children = (
				BBBE4544290D756500E2694A /* ConversationsViewController.swift */,
				BBBE455C290D7A7F00E2694A /* LoginViewController.swift */,
				BBBE455E290D7A8F00E2694A /* RegisterViewController.swift */,
				BBBE4560290D7AAA00E2694A /* PhotoViewerViewController.swift */,
				BBBE4562290D7AB600E2694A /* VideoPlayerViewController.swift */,
				BBBE4564290D7AD500E2694A /* NewConversationViewController.swift */,
				BBBE4566290D7AE800E2694A /* ProfileViewController.swift */,
			);
			path = Controllers;
			sourceTree = "<group>";
		};
		BBBE4555290D78E900E2694A /* Views */ = {
			isa = PBXGroup;
			children = (
				BBBE4559290D795D00E2694A /* Storyboards */,
				BBBE4549290D756700E2694A /* Assets.xcassets */,
			);
			path = Views;
			sourceTree = "<group>";
		};
		BBBE4556290D78F100E2694A /* Models */ = {
			isa = PBXGroup;
			children = (
			);
			path = Models;
			sourceTree = "<group>";
		};
		BBBE4557290D78F800E2694A /* ViewModels */ = {
			isa = PBXGroup;
			children = (
			);
			path = ViewModels;
			sourceTree = "<group>";
		};
		BBBE4558290D790800E2694A /* Resources */ = {
			isa = PBXGroup;
			children = (
				BBBE4540290D756500E2694A /* AppDelegate.swift */,
				BBBE4542290D756500E2694A /* SceneDelegate.swift */,
			);
			path = Resources;
			sourceTree = "<group>";
		};
		BBBE4559290D795D00E2694A /* Storyboards */ = {
			isa = PBXGroup;
			children = (
				BBBE4546290D756500E2694A /* Main.storyboard */,
				BBBE454B290D756700E2694A /* LaunchScreen.storyboard */,
			);
			path = Storyboards;
			sourceTree = "<group>";
		};
/* End PBXGroup section */

/* Begin PBXNativeTarget section */
		BBBE453C290D756500E2694A /* Messenger */ = {
			isa = PBXNativeTarget;
			buildConfigurationList = BBBE4551290D756700E2694A /* Build configuration list for PBXNativeTarget "Messenger" */;
			buildPhases = (
				B66B693AAF1D46F4A180BC1E /* [CP] Check Pods Manifest.lock */,
				BBBE4539290D756500E2694A /* Sources */,
				BBBE453A290D756500E2694A /* Frameworks */,
				BBBE453B290D756500E2694A /* Resources */,
			);
			buildRules = (
			);
			dependencies = (
			);
			name = Messenger;
			productName = Messenger;
			productReference = BBBE453D290D756500E2694A /* Messenger.app */;
			productType = "com.apple.product-type.application";
		};
/* End PBXNativeTarget section */

/* Begin PBXProject section */
		BBBE4535290D756500E2694A /* Project object */ = {
			isa = PBXProject;
			attributes = {
				BuildIndependentTargetsInParallel = 1;
				LastSwiftUpdateCheck = 1400;
				LastUpgradeCheck = 1400;
				TargetAttributes = {
					BBBE453C290D756500E2694A = {
						CreatedOnToolsVersion = 14.0.1;
					};
				};
			};
			buildConfigurationList = BBBE4538290D756500E2694A /* Build configuration list for PBXProject "Messenger" */;
			compatibilityVersion = "Xcode 14.0";
			developmentRegion = en;
			hasScannedForEncodings = 0;
			knownRegions = (
				en,
				Base,
			);
			mainGroup = BBBE4534290D756500E2694A;
			productRefGroup = BBBE453E290D756500E2694A /* Products */;
			projectDirPath = "";
			projectRoot = "";
			targets = (
				BBBE453C290D756500E2694A /* Messenger */,
			);
		};
/* End PBXProject section */

/* Begin PBXResourcesBuildPhase section */
		BBBE453B290D756500E2694A /* Resources */ = {
			isa = PBXResourcesBuildPhase;
			buildActionMask = 2147483647;
			files = (
				BBBE454D290D756700E2694A /* LaunchScreen.storyboard in Resources */,
				BBBE454A290D756700E2694A /* Assets.xcassets in Resources */,
				BBBE4548290D756500E2694A /* Main.storyboard in Resources */,
			);
			runOnlyForDeploymentPostprocessing = 0;
		};
/* End PBXResourcesBuildPhase section */

/* Begin PBXShellScriptBuildPhase section */
		B66B693AAF1D46F4A180BC1E /* [CP] Check Pods Manifest.lock */ = {
			isa = PBXShellScriptBuildPhase;
			buildActionMask = 2147483647;
			files = (
			);
			inputFileListPaths = (
			);
			inputPaths = (
				"${PODS_PODFILE_DIR_PATH}/Podfile.lock",
				"${PODS_ROOT}/Manifest.lock",
			);
			name = "[CP] Check Pods Manifest.lock";
			outputFileListPaths = (
			);
			outputPaths = (
				"$(DERIVED_FILE_DIR)/Pods-Messenger-checkManifestLockResult.txt",
			);
			runOnlyForDeploymentPostprocessing = 0;
			shellPath = /bin/sh;
			shellScript = "diff \"${PODS_PODFILE_DIR_PATH}/Podfile.lock\" \"${PODS_ROOT}/Manifest.lock\" > /dev/null\nif [ $? != 0 ] ; then\n    # print error to STDERR\n    echo \"error: The sandbox is not in sync with the Podfile.lock. Run 'pod install' or update your CocoaPods installation.\" >&2\n    exit 1\nfi\n# This output is used by Xcode 'outputs' to avoid re-running this script phase.\necho \"SUCCESS\" > \"${SCRIPT_OUTPUT_FILE_0}\"\n";
			showEnvVarsInLog = 0;
		};
/* End PBXShellScriptBuildPhase section */

/* Begin PBXSourcesBuildPhase section */
		BBBE4539290D756500E2694A /* Sources */ = {
			isa = PBXSourcesBuildPhase;
			buildActionMask = 2147483647;
			files = (
				BBBE455D290D7A7F00E2694A /* LoginViewController.swift in Sources */,
				BBBE455F290D7A8F00E2694A /* RegisterViewController.swift in Sources */,
				BBBE4565290D7AD500E2694A /* NewConversationViewController.swift in Sources */,
				BBBE4545290D756500E2694A /* ConversationsViewController.swift in Sources */,
				BBBE4563290D7AB600E2694A /* VideoPlayerViewController.swift in Sources */,
				BBBE4541290D756500E2694A /* AppDelegate.swift in Sources */,
				BBBE4567290D7AE800E2694A /* ProfileViewController.swift in Sources */,
				BBBE4543290D756500E2694A /* SceneDelegate.swift in Sources */,
				BBBE4561290D7AAA00E2694A /* PhotoViewerViewController.swift in Sources */,
			);
			runOnlyForDeploymentPostprocessing = 0;
		};
/* End PBXSourcesBuildPhase section */

/* Begin PBXVariantGroup section */
		BBBE4546290D756500E2694A /* Main.storyboard */ = {
			isa = PBXVariantGroup;
			children = (
				BBBE4547290D756500E2694A /* Base */,
			);
			name = Main.storyboard;
			sourceTree = "<group>";
		};
		BBBE454B290D756700E2694A /* LaunchScreen.storyboard */ = {
			isa = PBXVariantGroup;
			children = (
				BBBE454C290D756700E2694A /* Base */,
			);
			name = LaunchScreen.storyboard;
			sourceTree = "<group>";
		};
/* End PBXVariantGroup section */

/* Begin XCBuildConfiguration section */
		BBBE454F290D756700E2694A /* Debug */ = {
			isa = XCBuildConfiguration;
			buildSettings = {
				ALWAYS_SEARCH_USER_PATHS = NO;
				CLANG_ANALYZER_NONNULL = YES;
				CLANG_ANALYZER_NUMBER_OBJECT_CONVERSION = YES_AGGRESSIVE;
				CLANG_CXX_LANGUAGE_STANDARD = "gnu++20";
				CLANG_ENABLE_MODULES = YES;
				CLANG_ENABLE_OBJC_ARC = YES;
				CLANG_ENABLE_OBJC_WEAK = YES;
				CLANG_WARN_BLOCK_CAPTURE_AUTORELEASING = YES;
				CLANG_WARN_BOOL_CONVERSION = YES;
				CLANG_WARN_COMMA = YES;
				CLANG_WARN_CONSTANT_CONVERSION = YES;
				CLANG_WARN_DEPRECATED_OBJC_IMPLEMENTATIONS = YES;
				CLANG_WARN_DIRECT_OBJC_ISA_USAGE = YES_ERROR;
				CLANG_WARN_DOCUMENTATION_COMMENTS = YES;
				CLANG_WARN_EMPTY_BODY = YES;
				CLANG_WARN_ENUM_CONVERSION = YES;
				CLANG_WARN_INFINITE_RECURSION = YES;
				CLANG_WARN_INT_CONVERSION = YES;
				CLANG_WARN_NON_LITERAL_NULL_CONVERSION = YES;
				CLANG_WARN_OBJC_IMPLICIT_RETAIN_SELF = YES;
				CLANG_WARN_OBJC_LITERAL_CONVERSION = YES;
				CLANG_WARN_OBJC_ROOT_CLASS = YES_ERROR;
				CLANG_WARN_QUOTED_INCLUDE_IN_FRAMEWORK_HEADER = YES;
				CLANG_WARN_RANGE_LOOP_ANALYSIS = YES;
				CLANG_WARN_STRICT_PROTOTYPES = YES;
				CLANG_WARN_SUSPICIOUS_MOVE = YES;
				CLANG_WARN_UNGUARDED_AVAILABILITY = YES_AGGRESSIVE;
				CLANG_WARN_UNREACHABLE_CODE = YES;
				CLANG_WARN__DUPLICATE_METHOD_MATCH = YES;
				COPY_PHASE_STRIP = NO;
				DEBUG_INFORMATION_FORMAT = dwarf;
				ENABLE_STRICT_OBJC_MSGSEND = YES;
				ENABLE_TESTABILITY = YES;
				GCC_C_LANGUAGE_STANDARD = gnu11;
				GCC_DYNAMIC_NO_PIC = NO;
				GCC_NO_COMMON_BLOCKS = YES;
				GCC_OPTIMIZATION_LEVEL = 0;
				GCC_PREPROCESSOR_DEFINITIONS = (
					"DEBUG=1",
					"$(inherited)",
				);
				GCC_WARN_64_TO_32_BIT_CONVERSION = YES;
				GCC_WARN_ABOUT_RETURN_TYPE = YES_ERROR;
				GCC_WARN_UNDECLARED_SELECTOR = YES;
				GCC_WARN_UNINITIALIZED_AUTOS = YES_AGGRESSIVE;
				GCC_WARN_UNUSED_FUNCTION = YES;
				GCC_WARN_UNUSED_VARIABLE = YES;
				IPHONEOS_DEPLOYMENT_TARGET = 16.0;
				MTL_ENABLE_DEBUG_INFO = INCLUDE_SOURCE;
				MTL_FAST_MATH = YES;
				ONLY_ACTIVE_ARCH = YES;
				SDKROOT = iphoneos;
				SWIFT_ACTIVE_COMPILATION_CONDITIONS = DEBUG;
				SWIFT_OPTIMIZATION_LEVEL = "-Onone";
			};
			name = Debug;
		};
		BBBE4550290D756700E2694A /* Release */ = {
			isa = XCBuildConfiguration;
			buildSettings = {
				ALWAYS_SEARCH_USER_PATHS = NO;
				CLANG_ANALYZER_NONNULL = YES;
				CLANG_ANALYZER_NUMBER_OBJECT_CONVERSION = YES_AGGRESSIVE;
				CLANG_CXX_LANGUAGE_STANDARD = "gnu++20";
				CLANG_ENABLE_MODULES = YES;
				CLANG_ENABLE_OBJC_ARC = YES;
				CLANG_ENABLE_OBJC_WEAK = YES;
				CLANG_WARN_BLOCK_CAPTURE_AUTORELEASING = YES;
				CLANG_WARN_BOOL_CONVERSION = YES;
				CLANG_WARN_COMMA = YES;
				CLANG_WARN_CONSTANT_CONVERSION = YES;
				CLANG_WARN_DEPRECATED_OBJC_IMPLEMENTATIONS = YES;
				CLANG_WARN_DIRECT_OBJC_ISA_USAGE = YES_ERROR;
				CLANG_WARN_DOCUMENTATION_COMMENTS = YES;
				CLANG_WARN_EMPTY_BODY = YES;
				CLANG_WARN_ENUM_CONVERSION = YES;
				CLANG_WARN_INFINITE_RECURSION = YES;
				CLANG_WARN_INT_CONVERSION = YES;
				CLANG_WARN_NON_LITERAL_NULL_CONVERSION = YES;
				CLANG_WARN_OBJC_IMPLICIT_RETAIN_SELF = YES;
				CLANG_WARN_OBJC_LITERAL_CONVERSION = YES;
				CLANG_WARN_OBJC_ROOT_CLASS = YES_ERROR;
				CLANG_WARN_QUOTED_INCLUDE_IN_FRAMEWORK_HEADER = YES;
				CLANG_WARN_RANGE_LOOP_ANALYSIS = YES;
				CLANG_WARN_STRICT_PROTOTYPES = YES;
				CLANG_WARN_SUSPICIOUS_MOVE = YES;
				CLANG_WARN_UNGUARDED_AVAILABILITY = YES_AGGRESSIVE;
				CLANG_WARN_UNREACHABLE_CODE = YES;
				CLANG_WARN__DUPLICATE_METHOD_MATCH = YES;
				COPY_PHASE_STRIP = NO;
				DEBUG_INFORMATION_FORMAT = "dwarf-with-dsym";
				ENABLE_NS_ASSERTIONS = NO;
				ENABLE_STRICT_OBJC_MSGSEND = YES;
				GCC_C_LANGUAGE_STANDARD = gnu11;
				GCC_NO_COMMON_BLOCKS = YES;
				GCC_WARN_64_TO_32_BIT_CONVERSION = YES;
				GCC_WARN_ABOUT_RETURN_TYPE = YES_ERROR;
				GCC_WARN_UNDECLARED_SELECTOR = YES;
				GCC_WARN_UNINITIALIZED_AUTOS = YES_AGGRESSIVE;
				GCC_WARN_UNUSED_FUNCTION = YES;
				GCC_WARN_UNUSED_VARIABLE = YES;
				IPHONEOS_DEPLOYMENT_TARGET = 16.0;
				MTL_ENABLE_DEBUG_INFO = NO;
				MTL_FAST_MATH = YES;
				SDKROOT = iphoneos;
				SWIFT_COMPILATION_MODE = wholemodule;
				SWIFT_OPTIMIZATION_LEVEL = "-O";
				VALIDATE_PRODUCT = YES;
			};
			name = Release;
		};
		BBBE4552290D756700E2694A /* Debug */ = {
			isa = XCBuildConfiguration;
			baseConfigurationReference = B45A0CEE7535CB87F3063B68 /* Pods-Messenger.debug.xcconfig */;
			buildSettings = {
				ASSETCATALOG_COMPILER_APPICON_NAME = AppIcon;
				ASSETCATALOG_COMPILER_GLOBAL_ACCENT_COLOR_NAME = AccentColor;
				CODE_SIGN_STYLE = Automatic;
				CURRENT_PROJECT_VERSION = 1;
				DEVELOPMENT_TEAM = BM7XDAK6P3;
				GENERATE_INFOPLIST_FILE = YES;
				INFOPLIST_FILE = Messenger/Info.plist;
				INFOPLIST_KEY_UIApplicationSupportsIndirectInputEvents = YES;
				INFOPLIST_KEY_UILaunchStoryboardName = LaunchScreen;
				INFOPLIST_KEY_UIMainStoryboardFile = Main;
				INFOPLIST_KEY_UIStatusBarStyle = UIStatusBarStyleDarkContent;
				INFOPLIST_KEY_UISupportedInterfaceOrientations = UIInterfaceOrientationPortrait;
				IPHONEOS_DEPLOYMENT_TARGET = 13.0;
				LD_RUNPATH_SEARCH_PATHS = (
					"$(inherited)",
					"@executable_path/Frameworks",
				);
				MARKETING_VERSION = 1.0;
				PRODUCT_BUNDLE_IDENTIFIER = com.jonathantri.Messenger;
				PRODUCT_NAME = "$(TARGET_NAME)";
				SUPPORTED_PLATFORMS = "iphoneos iphonesimulator";
				SUPPORTS_MACCATALYST = NO;
				SUPPORTS_MAC_DESIGNED_FOR_IPHONE_IPAD = NO;
				SWIFT_EMIT_LOC_STRINGS = YES;
				SWIFT_VERSION = 5.0;
				TARGETED_DEVICE_FAMILY = "1,2";
			};
			name = Debug;
		};
		BBBE4553290D756700E2694A /* Release */ = {
			isa = XCBuildConfiguration;
			baseConfigurationReference = 1FAF2AE6BF4279F54007C260 /* Pods-Messenger.release.xcconfig */;
			buildSettings = {
				ASSETCATALOG_COMPILER_APPICON_NAME = AppIcon;
				ASSETCATALOG_COMPILER_GLOBAL_ACCENT_COLOR_NAME = AccentColor;
				CODE_SIGN_STYLE = Automatic;
				CURRENT_PROJECT_VERSION = 1;
				DEVELOPMENT_TEAM = BM7XDAK6P3;
				GENERATE_INFOPLIST_FILE = YES;
				INFOPLIST_FILE = Messenger/Info.plist;
				INFOPLIST_KEY_UIApplicationSupportsIndirectInputEvents = YES;
				INFOPLIST_KEY_UILaunchStoryboardName = LaunchScreen;
				INFOPLIST_KEY_UIMainStoryboardFile = Main;
				INFOPLIST_KEY_UIStatusBarStyle = UIStatusBarStyleDarkContent;
				INFOPLIST_KEY_UISupportedInterfaceOrientations = UIInterfaceOrientationPortrait;
				IPHONEOS_DEPLOYMENT_TARGET = 13.0;
				LD_RUNPATH_SEARCH_PATHS = (
					"$(inherited)",
					"@executable_path/Frameworks",
				);
				MARKETING_VERSION = 1.0;
				PRODUCT_BUNDLE_IDENTIFIER = com.jonathantri.Messenger;
				PRODUCT_NAME = "$(TARGET_NAME)";
				SUPPORTED_PLATFORMS = "iphoneos iphonesimulator";
				SUPPORTS_MACCATALYST = NO;
				SUPPORTS_MAC_DESIGNED_FOR_IPHONE_IPAD = NO;
				SWIFT_EMIT_LOC_STRINGS = YES;
				SWIFT_VERSION = 5.0;
				TARGETED_DEVICE_FAMILY = "1,2";
			};
			name = Release;
		};
/* End XCBuildConfiguration section */

/* Begin XCConfigurationList section */
		BBBE4538290D756500E2694A /* Build configuration list for PBXProject "Messenger" */ = {
			isa = XCConfigurationList;
			buildConfigurations = (
				BBBE454F290D756700E2694A /* Debug */,
				BBBE4550290D756700E2694A /* Release */,
			);
			defaultConfigurationIsVisible = 0;
			defaultConfigurationName = Release;
		};
		BBBE4551290D756700E2694A /* Build configuration list for PBXNativeTarget "Messenger" */ = {
			isa = XCConfigurationList;
			buildConfigurations = (
				BBBE4552290D756700E2694A /* Debug */,
				BBBE4553290D756700E2694A /* Release */,
			);
			defaultConfigurationIsVisible = 0;
			defaultConfigurationName = Release;
		};
/* End XCConfigurationList section */
	};
	rootObject = BBBE4535290D756500E2694A /* Project object */;
}
